
Microsoft Visual Studio Solution File, Format Version 12.00
# Visual Studio Version 17
VisualStudioVersion = 17.5.33530.505
MinimumVisualStudioVersion = 10.0.40219.1
Project("{FAE04EC0-301F-11D3-BF4B-00C04F79EFBC}") = "RabbitMQ.WebApi", "RabbitMQ.WebApi.csproj", "{DEEACE33-E8AE-4FFE-A034-DA35A6249261}"
EndProject
Project("{FAE04EC0-301F-11D3-BF4B-00C04F79EFBC}") = "RabbitMQ.Console", "..\RabbitMQ.Console\RabbitMQ.Console.csproj", "{0C2D196F-909E-4B0D-9AED-72186132FE66}"
EndProject
Global
	GlobalSection(SolutionConfigurationPlatforms) = preSolution
		Debug|Any CPU = Debug|Any CPU
		Release|Any CPU = Release|Any CPU
	EndGlobalSection
	GlobalSection(ProjectConfigurationPlatforms) = postSolution
		{DEEACE33-E8AE-4FFE-A034-DA35A6249261}.Debug|Any CPU.ActiveCfg = Debug|Any CPU
		{DEEACE33-E8AE-4FFE-A034-DA35A6249261}.Debug|Any CPU.Build.0 = Debug|Any CPU
		{DEEACE33-E8AE-4FFE-A034-DA35A6249261}.Release|Any CPU.ActiveCfg = Release|Any CPU
		{DEEACE33-E8AE-4FFE-A034-DA35A6249261}.Release|Any CPU.Build.0 = Release|Any CPU
		{0C2D196F-909E-4B0D-9AED-72186132FE66}.Debug|Any CPU.ActiveCfg = Debug|Any CPU
		{0C2D196F-909E-4B0D-9AED-72186132FE66}.Debug|Any CPU.Build.0 = Debug|Any CPU
		{0C2D196F-909E-4B0D-9AED-72186132FE66}.Release|Any CPU.ActiveCfg = Release|Any CPU
		{0C2D196F-909E-4B0D-9AED-72186132FE66}.Release|Any CPU.Build.0 = Release|Any CPU
	EndGlobalSection
	GlobalSection(SolutionProperties) = preSolution
		HideSolutionNode = FALSE
	EndGlobalSection
	GlobalSection(ExtensibilityGlobals) = postSolution
		SolutionGuid = {BD7652AC-26BA-4695-BCA6-1D3190E771FD}
	EndGlobalSection
EndGlobal
